// !$*UTF8*$!
{
	archiveVersion = 1;
	classes = {
	};
	objectVersion = 46;
	objects = {

/* Begin PBXBuildFile section */
		75C5B15D1F3059140026DFCB /* AppDelegate.swift in Sources */ = {isa = PBXBuildFile; fileRef = 75C5B15C1F3059140026DFCB /* AppDelegate.swift */; };
		75C5B15F1F3059140026DFCB /* ViewController.swift in Sources */ = {isa = PBXBuildFile; fileRef = 75C5B15E1F3059140026DFCB /* ViewController.swift */; };
		75C5B1621F3059140026DFCB /* Main.storyboard in Resources */ = {isa = PBXBuildFile; fileRef = 75C5B1601F3059140026DFCB /* Main.storyboard */; };
		75C5B1641F3059140026DFCB /* Assets.xcassets in Resources */ = {isa = PBXBuildFile; fileRef = 75C5B1631F3059140026DFCB /* Assets.xcassets */; };
		75C5B1671F3059140026DFCB /* LaunchScreen.storyboard in Resources */ = {isa = PBXBuildFile; fileRef = 75C5B1651F3059140026DFCB /* LaunchScreen.storyboard */; };
/* End PBXBuildFile section */

/* Begin PBXFileReference section */
		75C5B1591F3059140026DFCB /* IOSToDoListApp.app */ = {isa = PBXFileReference; explicitFileType = wrapper.application; includeInIndex = 0; path = IOSToDoListApp.app; sourceTree = BUILT_PRODUCTS_DIR; };
		75C5B15C1F3059140026DFCB /* AppDelegate.swift */ = {isa = PBXFileReference; lastKnownFileType = sourcecode.swift; path = AppDelegate.swift; sourceTree = "<group>"; };
		75C5B15E1F3059140026DFCB /* ViewController.swift */ = {isa = PBXFileReference; lastKnownFileType = sourcecode.swift; path = ViewController.swift; sourceTree = "<group>"; };
		75C5B1611F3059140026DFCB /* Base */ = {isa = PBXFileReference; lastKnownFileType = file.storyboard; name = Base; path = Base.lproj/Main.storyboard; sourceTree = "<group>"; };
		75C5B1631F3059140026DFCB /* Assets.xcassets */ = {isa = PBXFileReference; lastKnownFileType = folder.assetcatalog; path = Assets.xcassets; sourceTree = "<group>"; };
		75C5B1661F3059140026DFCB /* Base */ = {isa = PBXFileReference; lastKnownFileType = file.storyboard; name = Base; path = Base.lproj/LaunchScreen.storyboard; sourceTree = "<group>"; };
		75C5B1681F3059140026DFCB /* Info.plist */ = {isa = PBXFileReference; lastKnownFileType = text.plist.xml; path = Info.plist; sourceTree = "<group>"; };
/* End PBXFileReference section */

/* Begin PBXFrameworksBuildPhase section */
		75C5B1561F3059140026DFCB /* Frameworks */ = {
			isa = PBXFrameworksBuildPhase;
			buildActionMask = 2147483647;
			files = (
			);
			runOnlyForDeploymentPostprocessing = 0;
		};
/* End PBXFrameworksBuildPhase section */

/* Begin PBXGroup section */
		75C5B1501F3059140026DFCB = {
			isa = PBXGroup;
			children = (
				75C5B15B1F3059140026DFCB /* IOSToDoListApp */,
				75C5B15A1F3059140026DFCB /* Products */,
			);
			sourceTree = "<group>";
		};
		75C5B15A1F3059140026DFCB /* Products */ = {
			isa = PBXGroup;
			children = (
				75C5B1591F3059140026DFCB /* IOSToDoListApp.app */,
			);
			name = Products;
			sourceTree = "<group>";
		};
		75C5B15B1F3059140026DFCB /* IOSToDoListApp */ = {
			isa = PBXGroup;
			children = (
				75C5B15C1F3059140026DFCB /* AppDelegate.swift */,
				75C5B15E1F3059140026DFCB /* ViewController.swift */,
				75C5B1601F3059140026DFCB /* Main.storyboard */,
				75C5B1631F3059140026DFCB /* Assets.xcassets */,
				75C5B1651F3059140026DFCB /* LaunchScreen.storyboard */,
				75C5B1681F3059140026DFCB /* Info.plist */,
			);
			path = IOSToDoListApp;
			sourceTree = "<group>";
		};
/* End PBXGroup section */

/* Begin PBXNativeTarget section */
		75C5B1581F3059140026DFCB /* IOSToDoListApp */ = {
			isa = PBXNativeTarget;
			buildConfigurationList = 75C5B16B1F3059140026DFCB /* Build configuration list for PBXNativeTarget "IOSToDoListApp" */;
			buildPhases = (
				75C5B1551F3059140026DFCB /* Sources */,
				75C5B1561F3059140026DFCB /* Frameworks */,
				75C5B1571F3059140026DFCB /* Resources */,
			);
			buildRules = (
			);
			dependencies = (
			);
			name = IOSToDoListApp;
			productName = IOSToDoListApp;
			productReference = 75C5B1591F3059140026DFCB /* IOSToDoListApp.app */;
			productType = "com.apple.product-type.application";
		};
/* End PBXNativeTarget section */

/* Begin PBXProject section */
		75C5B1511F3059140026DFCB /* Project object */ = {
			isa = PBXProject;
			attributes = {
				LastSwiftUpdateCheck = 0830;
				LastUpgradeCheck = 0830;
				ORGANIZATIONNAME = "medidi vv satyanarayana murty";
				TargetAttributes = {
					75C5B1581F3059140026DFCB = {
						CreatedOnToolsVersion = 8.3.2;
						ProvisioningStyle = Automatic;
					};
				};
			};
			buildConfigurationList = 75C5B1541F3059140026DFCB /* Build configuration list for PBXProject "IOSToDoListApp" */;
			compatibilityVersion = "Xcode 3.2";
			developmentRegion = English;
			hasScannedForEncodings = 0;
			knownRegions = (
				en,
				Base,
			);
			mainGroup = 75C5B1501F3059140026DFCB;
			productRefGroup = 75C5B15A1F3059140026DFCB /* Products */;
			projectDirPath = "";
			projectRoot = "";
			targets = (
				75C5B1581F3059140026DFCB /* IOSToDoListApp */,
			);
		};
/* End PBXProject section */

/* Begin PBXResourcesBuildPhase section */
		75C5B1571F3059140026DFCB /* Resources */ = {
			isa = PBXResourcesBuildPhase;
			buildActionMask = 2147483647;
			files = (
				75C5B1671F3059140026DFCB /* LaunchScreen.storyboard in Resources */,
				75C5B1641F3059140026DFCB /* Assets.xcassets in Resources */,
				75C5B1621F3059140026DFCB /* Main.storyboard in Resources */,
			);
			runOnlyForDeploymentPostprocessing = 0;
		};
/* End PBXResourcesBuildPhase section */

/* Begin PBXSourcesBuildPhase section */
		75C5B1551F3059140026DFCB /* Sources */ = {
			isa = PBXSourcesBuildPhase;
			buildActionMask = 2147483647;
			files = (
				75C5B15F1F3059140026DFCB /* ViewController.swift in Sources */,
				75C5B15D1F3059140026DFCB /* AppDelegate.swift in Sources */,
			);
			runOnlyForDeploymentPostprocessing = 0;
		};
/* End PBXSourcesBuildPhase section */

/* Begin PBXVariantGroup section */
		75C5B1601F3059140026DFCB /* Main.storyboard */ = {
			isa = PBXVariantGroup;
			children = (
				75C5B1611F3059140026DFCB /* Base */,
			);
			name = Main.storyboard;
			sourceTree = "<group>";
		};
		75C5B1651F3059140026DFCB /* LaunchScreen.storyboard */ = {
			isa = PBXVariantGroup;
			children = (
				75C5B1661F3059140026DFCB /* Base */,
			);
			name = LaunchScreen.storyboard;
			sourceTree = "<group>";
		};
/* End PBXVariantGroup section */

/* Begin XCBuildConfiguration section */
		75C5B1691F3059140026DFCB /* Debug */ = {
			isa = XCBuildConfiguration;
			buildSettings = {
				ALWAYS_SEARCH_USER_PATHS = NO;
				CLANG_ANALYZER_NONNULL = YES;
				CLANG_ANALYZER_NUMBER_OBJECT_CONVERSION = YES_AGGRESSIVE;
				CLANG_CXX_LANGUAGE_STANDARD = "gnu++0x";
				CLANG_CXX_LIBRARY = "libc++";
				CLANG_ENABLE_MODULES = YES;
				CLANG_ENABLE_OBJC_ARC = YES;
				CLANG_WARN_BOOL_CONVERSION = YES;
				CLANG_WARN_CONSTANT_CONVERSION = YES;
				CLANG_WARN_DIRECT_OBJC_ISA_USAGE = YES_ERROR;
				CLANG_WARN_DOCUMENTATION_COMMENTS = YES;
				CLANG_WARN_EMPTY_BODY = YES;
				CLANG_WARN_ENUM_CONVERSION = YES;
				CLANG_WARN_INFINITE_RECURSION = YES;
				CLANG_WARN_INT_CONVERSION = YES;
				CLANG_WARN_OBJC_ROOT_CLASS = YES_ERROR;
				CLANG_WARN_SUSPICIOUS_MOVE = YES;
				CLANG_WARN_UNREACHABLE_CODE = YES;
				CLANG_WARN__DUPLICATE_METHOD_MATCH = YES;
				"CODE_SIGN_IDENTITY[sdk=iphoneos*]" = "iPhone Developer";
				COPY_PHASE_STRIP = NO;
				DEBUG_INFORMATION_FORMAT = dwarf;
				ENABLE_STRICT_OBJC_MSGSEND = YES;
				ENABLE_TESTABILITY = YES;
				GCC_C_LANGUAGE_STANDARD = gnu99;
				GCC_DYNAMIC_NO_PIC = NO;
				GCC_NO_COMMON_BLOCKS = YES;
				GCC_OPTIMIZATION_LEVEL = 0;
				GCC_PREPROCESSOR_DEFINITIONS = (
					"DEBUG=1",
					"$(inherited)",
				);
				GCC_WARN_64_TO_32_BIT_CONVERSION = YES;
				GCC_WARN_ABOUT_RETURN_TYPE = YES_ERROR;
				GCC_WARN_UNDECLARED_SELECTOR = YES;
				GCC_WARN_UNINITIALIZED_AUTOS = YES_AGGRESSIVE;
				GCC_WARN_UNUSED_FUNCTION = YES;
				GCC_WARN_UNUSED_VARIABLE = YES;
				IPHONEOS_DEPLOYMENT_TARGET = 10.3;
				MTL_ENABLE_DEBUG_INFO = YES;
				ONLY_ACTIVE_ARCH = YES;
				SDKROOT = iphoneos;
				SWIFT_ACTIVE_COMPILATION_CONDITIONS = DEBUG;
				SWIFT_OPTIMIZATION_LEVEL = "-Onone";
				TARGETED_DEVICE_FAMILY = "1,2";
			};
			name = Debug;
		};
		75C5B16A1F3059140026DFCB /* Release */ = {
			isa = XCBuildConfiguration;
			buildSettings = {
				ALWAYS_SEARCH_USER_PATHS = NO;
				CLANG_ANALYZER_NONNULL = YES;
				CLANG_ANALYZER_NUMBER_OBJECT_CONVERSION = YES_AGGRESSIVE;
				CLANG_CXX_LANGUAGE_STANDARD = "gnu++0x";
				CLANG_CXX_LIBRARY = "libc++";
				CLANG_ENABLE_MODULES = YES;
				CLANG_ENABLE_OBJC_ARC = YES;
				CLANG_WARN_BOOL_CONVERSION = YES;
				CLANG_WARN_CONSTANT_CONVERSION = YES;
				CLANG_WARN_DIRECT_OBJC_ISA_USAGE = YES_ERROR;
				CLANG_WARN_DOCUMENTATION_COMMENTS = YES;
				CLANG_WARN_EMPTY_BODY = YES;
				CLANG_WARN_ENUM_CONVERSION = YES;
				CLANG_WARN_INFINITE_RECURSION = YES;
				CLANG_WARN_INT_CONVERSION = YES;
				CLANG_WARN_OBJC_ROOT_CLASS = YES_ERROR;
				CLANG_WARN_SUSPICIOUS_MOVE = YES;
				CLANG_WARN_UNREACHABLE_CODE = YES;
				CLANG_WARN__DUPLICATE_METHOD_MATCH = YES;
				"CODE_SIGN_IDENTITY[sdk=iphoneos*]" = "iPhone Developer";
				COPY_PHASE_STRIP = NO;
				DEBUG_INFORMATION_FORMAT = "dwarf-with-dsym";
				ENABLE_NS_ASSERTIONS = NO;
				ENABLE_STRICT_OBJC_MSGSEND = YES;
				GCC_C_LANGUAGE_STANDARD = gnu99;
				GCC_NO_COMMON_BLOCKS = YES;
				GCC_WARN_64_TO_32_BIT_CONVERSION = YES;
				GCC_WARN_ABOUT_RETURN_TYPE = YES_ERROR;
				GCC_WARN_UNDECLARED_SELECTOR = YES;
				GCC_WARN_UNINITIALIZED_AUTOS = YES_AGGRESSIVE;
				GCC_WARN_UNUSED_FUNCTION = YES;
				GCC_WARN_UNUSED_VARIABLE = YES;
				IPHONEOS_DEPLOYMENT_TARGET = 10.3;
				MTL_ENABLE_DEBUG_INFO = NO;
				SDKROOT = iphoneos;
				SWIFT_OPTIMIZATION_LEVEL = "-Owholemodule";
				TARGETED_DEVICE_FAMILY = "1,2";
				VALIDATE_PRODUCT = YES;
			};
			name = Release;
		};
		75C5B16C1F3059140026DFCB /* Debug */ = {
			isa = XCBuildConfiguration;
			buildSettings = {
				ASSETCATALOG_COMPILER_APPICON_NAME = AppIcon;
				INFOPLIST_FILE = IOSToDoListApp/Info.plist;
				LD_RUNPATH_SEARCH_PATHS = "$(inherited) @executable_path/Frameworks";
				PRODUCT_BUNDLE_IDENTIFIER = "Exilant-Technologies.IOSToDoListApp";
				PRODUCT_NAME = "$(TARGET_NAME)";
				SWIFT_VERSION = 3.0;
			};
			name = Debug;
		};
		75C5B16D1F3059140026DFCB /* Release */ = {
			isa = XCBuildConfiguration;
			buildSettings = {
				ASSETCATALOG_COMPILER_APPICON_NAME = AppIcon;
				INFOPLIST_FILE = IOSToDoListApp/Info.plist;
				LD_RUNPATH_SEARCH_PATHS = "$(inherited) @executable_path/Frameworks";
				PRODUCT_BUNDLE_IDENTIFIER = "Exilant-Technologies.IOSToDoListApp";
				PRODUCT_NAME = "$(TARGET_NAME)";
				SWIFT_VERSION = 3.0;
			};
			name = Release;
		};
/* End XCBuildConfiguration section */

/* Begin XCConfigurationList section */
		75C5B1541F3059140026DFCB /* Build configuration list for PBXProject "IOSToDoListApp" */ = {
			isa = XCConfigurationList;
			buildConfigurations = (
				75C5B1691F3059140026DFCB /* Debug */,
				75C5B16A1F3059140026DFCB /* Release */,
			);
			defaultConfigurationIsVisible = 0;
			defaultConfigurationName = Release;
		};
		75C5B16B1F3059140026DFCB /* Build configuration list for PBXNativeTarget "IOSToDoListApp" */ = {
			isa = XCConfigurationList;
			buildConfigurations = (
				75C5B16C1F3059140026DFCB /* Debug */,
				75C5B16D1F3059140026DFCB /* Release */,
			);
			defaultConfigurationIsVisible = 0;
		};
/* End XCConfigurationList section */
	};
	rootObject = 75C5B1511F3059140026DFCB /* Project object */;
}
